
Microsoft Visual Studio Solution File, Format Version 12.00
# Visual Studio Version 17
VisualStudioVersion = 17.0.31903.59
MinimumVisualStudioVersion = 10.0.40219.1
Project("{9A19103F-16F7-4668-BE54-9A1E7A4F7556}") = "API", "API\API.csproj", "{7243EF57-EAAD-4BF7-881D-2855399C6908}"
EndProject
Project("{9A19103F-16F7-4668-BE54-9A1E7A4F7556}") = "Application", "Application\Application.csproj", "{AD350007-B337-4AA1-8437-D1B642469A35}"
EndProject
Project("{9A19103F-16F7-4668-BE54-9A1E7A4F7556}") = "Domain", "Domain\Domain.csproj", "{8FD73A26-A221-4D96-9EED-912EAAB01D9C}"
EndProject
Project("{9A19103F-16F7-4668-BE54-9A1E7A4F7556}") = "Infrastructure", "Infrastructure\Infrastructure.csproj", "{C6463354-2574-4120-8204-C53C8CEA4A66}"
EndProject
Project("{FAE04EC0-301F-11D3-BF4B-00C04F79EFBC}") = "UnitTest", "UnitTest\UnitTest.csproj", "{653F9A69-5032-4744-818B-2BE2CCE5456B}"
EndProject
Global
	GlobalSection(SolutionConfigurationPlatforms) = preSolution
		Debug|Any CPU = Debug|Any CPU
		Release|Any CPU = Release|Any CPU
	EndGlobalSection
	GlobalSection(ProjectConfigurationPlatforms) = postSolution
		{7243EF57-EAAD-4BF7-881D-2855399C6908}.Debug|Any CPU.ActiveCfg = Debug|Any CPU
		{7243EF57-EAAD-4BF7-881D-2855399C6908}.Debug|Any CPU.Build.0 = Debug|Any CPU
		{7243EF57-EAAD-4BF7-881D-2855399C6908}.Release|Any CPU.ActiveCfg = Release|Any CPU
		{7243EF57-EAAD-4BF7-881D-2855399C6908}.Release|Any CPU.Build.0 = Release|Any CPU
		{AD350007-B337-4AA1-8437-D1B642469A35}.Debug|Any CPU.ActiveCfg = Debug|Any CPU
		{AD350007-B337-4AA1-8437-D1B642469A35}.Debug|Any CPU.Build.0 = Debug|Any CPU
		{AD350007-B337-4AA1-8437-D1B642469A35}.Release|Any CPU.ActiveCfg = Release|Any CPU
		{AD350007-B337-4AA1-8437-D1B642469A35}.Release|Any CPU.Build.0 = Release|Any CPU
		{8FD73A26-A221-4D96-9EED-912EAAB01D9C}.Debug|Any CPU.ActiveCfg = Debug|Any CPU
		{8FD73A26-A221-4D96-9EED-912EAAB01D9C}.Debug|Any CPU.Build.0 = Debug|Any CPU
		{8FD73A26-A221-4D96-9EED-912EAAB01D9C}.Release|Any CPU.ActiveCfg = Release|Any CPU
		{8FD73A26-A221-4D96-9EED-912EAAB01D9C}.Release|Any CPU.Build.0 = Release|Any CPU
		{C6463354-2574-4120-8204-C53C8CEA4A66}.Debug|Any CPU.ActiveCfg = Debug|Any CPU
		{C6463354-2574-4120-8204-C53C8CEA4A66}.Debug|Any CPU.Build.0 = Debug|Any CPU
		{C6463354-2574-4120-8204-C53C8CEA4A66}.Release|Any CPU.ActiveCfg = Release|Any CPU
		{C6463354-2574-4120-8204-C53C8CEA4A66}.Release|Any CPU.Build.0 = Release|Any CPU
		{653F9A69-5032-4744-818B-2BE2CCE5456B}.Debug|Any CPU.ActiveCfg = Debug|Any CPU
		{653F9A69-5032-4744-818B-2BE2CCE5456B}.Debug|Any CPU.Build.0 = Debug|Any CPU
		{653F9A69-5032-4744-818B-2BE2CCE5456B}.Release|Any CPU.ActiveCfg = Release|Any CPU
		{653F9A69-5032-4744-818B-2BE2CCE5456B}.Release|Any CPU.Build.0 = Release|Any CPU
	EndGlobalSection
	GlobalSection(SolutionProperties) = preSolution
		HideSolutionNode = FALSE
	EndGlobalSection
	GlobalSection(ExtensibilityGlobals) = postSolution
		SolutionGuid = {93E2C12D-CF2B-4F81-8DDE-9B8C6F78368B}
	EndGlobalSection
EndGlobal
